# This file is automatically @generated by Poetry 1.5.3 and should not be changed by hand.

[[package]]
name = "bingo"
version = "0.1.15"
description = "Bingo is a library that creates bingo cards and game raffles"
optional = false
python-versions = "*"
files = [
    {file = "bingo-0.1.15.tar.gz", hash = "sha256:d228ecd25a18f8fef456b0d1484c2d4dd51c3e968dd6e657adebf7fc17057474"},
]

[metadata]
lock-version = "2.0"
python-versions = ">=3.10.0,<3.11"
content-hash = "c8144b7f832ab17e69d56c5229d95d219c227fb2054552185cbf26cd72766579"
